// !$*UTF8*$!
{
	archiveVersion = 1;
	classes = {
	};
	objectVersion = 48;
	objects = {

/* Begin PBXBuildFile section */
		23193AAC20F89D8700AE459C /* AppDelegate.swift in Sources */ = {isa = PBXBuildFile; fileRef = 23193AAB20F89D8700AE459C /* AppDelegate.swift */; };
		23193AAE20F89D8700AE459C /* ViewController.swift in Sources */ = {isa = PBXBuildFile; fileRef = 23193AAD20F89D8700AE459C /* ViewController.swift */; };
		23193AB120F89D8700AE459C /* Main.storyboard in Resources */ = {isa = PBXBuildFile; fileRef = 23193AAF20F89D8700AE459C /* Main.storyboard */; };
		23193AB320F89D8700AE459C /* Assets.xcassets in Resources */ = {isa = PBXBuildFile; fileRef = 23193AB220F89D8700AE459C /* Assets.xcassets */; };
		23193AB620F89D8700AE459C /* LaunchScreen.storyboard in Resources */ = {isa = PBXBuildFile; fileRef = 23193AB420F89D8700AE459C /* LaunchScreen.storyboard */; };
		23193AC120F89D8700AE459C /* AlgorithmTests.swift in Sources */ = {isa = PBXBuildFile; fileRef = 23193AC020F89D8700AE459C /* AlgorithmTests.swift */; };
		23193ACC20F89DA100AE459C /* SelectionSort.swift in Sources */ = {isa = PBXBuildFile; fileRef = 23193ACB20F89DA100AE459C /* SelectionSort.swift */; };
		23193ACE20F89DC400AE459C /* SortingTests.swift in Sources */ = {isa = PBXBuildFile; fileRef = 23193ACD20F89DC400AE459C /* SortingTests.swift */; };
		23193AD120F8CEDA00AE459C /* SelectionSort.swift in Sources */ = {isa = PBXBuildFile; fileRef = 23193ACB20F89DA100AE459C /* SelectionSort.swift */; };
/* End PBXBuildFile section */

/* Begin PBXContainerItemProxy section */
		23193ABD20F89D8700AE459C /* PBXContainerItemProxy */ = {
			isa = PBXContainerItemProxy;
			containerPortal = 23193AA020F89D8700AE459C /* Project object */;
			proxyType = 1;
			remoteGlobalIDString = 23193AA720F89D8700AE459C;
			remoteInfo = Algorithm;
		};
/* End PBXContainerItemProxy section */

/* Begin PBXFileReference section */
		23193AA820F89D8700AE459C /* Algorithm.app */ = {isa = PBXFileReference; explicitFileType = wrapper.application; includeInIndex = 0; path = Algorithm.app; sourceTree = BUILT_PRODUCTS_DIR; };
		23193AAB20F89D8700AE459C /* AppDelegate.swift */ = {isa = PBXFileReference; lastKnownFileType = sourcecode.swift; path = AppDelegate.swift; sourceTree = "<group>"; };
		23193AAD20F89D8700AE459C /* ViewController.swift */ = {isa = PBXFileReference; lastKnownFileType = sourcecode.swift; path = ViewController.swift; sourceTree = "<group>"; };
		23193AB020F89D8700AE459C /* Base */ = {isa = PBXFileReference; lastKnownFileType = file.storyboard; name = Base; path = Base.lproj/Main.storyboard; sourceTree = "<group>"; };
		23193AB220F89D8700AE459C /* Assets.xcassets */ = {isa = PBXFileReference; lastKnownFileType = folder.assetcatalog; path = Assets.xcassets; sourceTree = "<group>"; };
		23193AB520F89D8700AE459C /* Base */ = {isa = PBXFileReference; lastKnownFileType = file.storyboard; name = Base; path = Base.lproj/LaunchScreen.storyboard; sourceTree = "<group>"; };
		23193AB720F89D8700AE459C /* Info.plist */ = {isa = PBXFileReference; lastKnownFileType = text.plist.xml; path = Info.plist; sourceTree = "<group>"; };
		23193ABC20F89D8700AE459C /* AlgorithmTests.xctest */ = {isa = PBXFileReference; explicitFileType = wrapper.cfbundle; includeInIndex = 0; path = AlgorithmTests.xctest; sourceTree = BUILT_PRODUCTS_DIR; };
		23193AC020F89D8700AE459C /* AlgorithmTests.swift */ = {isa = PBXFileReference; lastKnownFileType = sourcecode.swift; path = AlgorithmTests.swift; sourceTree = "<group>"; };
		23193AC220F89D8700AE459C /* Info.plist */ = {isa = PBXFileReference; lastKnownFileType = text.plist.xml; path = Info.plist; sourceTree = "<group>"; };
		23193ACB20F89DA100AE459C /* SelectionSort.swift */ = {isa = PBXFileReference; lastKnownFileType = sourcecode.swift; path = SelectionSort.swift; sourceTree = "<group>"; };
		23193ACD20F89DC400AE459C /* SortingTests.swift */ = {isa = PBXFileReference; lastKnownFileType = sourcecode.swift; path = SortingTests.swift; sourceTree = "<group>"; };
/* End PBXFileReference section */

/* Begin PBXFrameworksBuildPhase section */
		23193AA520F89D8700AE459C /* Frameworks */ = {
			isa = PBXFrameworksBuildPhase;
			buildActionMask = 2147483647;
			files = (
			);
			runOnlyForDeploymentPostprocessing = 0;
		};
		23193AB920F89D8700AE459C /* Frameworks */ = {
			isa = PBXFrameworksBuildPhase;
			buildActionMask = 2147483647;
			files = (
			);
			runOnlyForDeploymentPostprocessing = 0;
		};
/* End PBXFrameworksBuildPhase section */

/* Begin PBXGroup section */
		23193A9F20F89D8700AE459C = {
			isa = PBXGroup;
			children = (
				23193AAA20F89D8700AE459C /* Algorithm */,
				23193ABF20F89D8700AE459C /* AlgorithmTests */,
				23193AA920F89D8700AE459C /* Products */,
			);
			sourceTree = "<group>";
		};
		23193AA920F89D8700AE459C /* Products */ = {
			isa = PBXGroup;
			children = (
				23193AA820F89D8700AE459C /* Algorithm.app */,
				23193ABC20F89D8700AE459C /* AlgorithmTests.xctest */,
			);
			name = Products;
			sourceTree = "<group>";
		};
		23193AAA20F89D8700AE459C /* Algorithm */ = {
			isa = PBXGroup;
			children = (
				23193AAB20F89D8700AE459C /* AppDelegate.swift */,
				23193AAD20F89D8700AE459C /* ViewController.swift */,
				23193AAF20F89D8700AE459C /* Main.storyboard */,
				23193AB220F89D8700AE459C /* Assets.xcassets */,
				23193AB420F89D8700AE459C /* LaunchScreen.storyboard */,
				23193AB720F89D8700AE459C /* Info.plist */,
				23193ACB20F89DA100AE459C /* SelectionSort.swift */,
			);
			path = Algorithm;
			sourceTree = "<group>";
		};
		23193ABF20F89D8700AE459C /* AlgorithmTests */ = {
			isa = PBXGroup;
			children = (
				23193AC020F89D8700AE459C /* AlgorithmTests.swift */,
				23193AC220F89D8700AE459C /* Info.plist */,
				23193ACD20F89DC400AE459C /* SortingTests.swift */,
			);
			path = AlgorithmTests;
			sourceTree = "<group>";
		};
/* End PBXGroup section */

/* Begin PBXNativeTarget section */
		23193AA720F89D8700AE459C /* Algorithm */ = {
			isa = PBXNativeTarget;
			buildConfigurationList = 23193AC520F89D8700AE459C /* Build configuration list for PBXNativeTarget "Algorithm" */;
			buildPhases = (
				23193AA420F89D8700AE459C /* Sources */,
				23193AA520F89D8700AE459C /* Frameworks */,
				23193AA620F89D8700AE459C /* Resources */,
			);
			buildRules = (
			);
			dependencies = (
			);
			name = Algorithm;
			productName = Algorithm;
			productReference = 23193AA820F89D8700AE459C /* Algorithm.app */;
			productType = "com.apple.product-type.application";
		};
		23193ABB20F89D8700AE459C /* AlgorithmTests */ = {
			isa = PBXNativeTarget;
			buildConfigurationList = 23193AC820F89D8700AE459C /* Build configuration list for PBXNativeTarget "AlgorithmTests" */;
			buildPhases = (
				23193AB820F89D8700AE459C /* Sources */,
				23193AB920F89D8700AE459C /* Frameworks */,
				23193ABA20F89D8700AE459C /* Resources */,
			);
			buildRules = (
			);
			dependencies = (
				23193ABE20F89D8700AE459C /* PBXTargetDependency */,
			);
			name = AlgorithmTests;
			productName = AlgorithmTests;
			productReference = 23193ABC20F89D8700AE459C /* AlgorithmTests.xctest */;
			productType = "com.apple.product-type.bundle.unit-test";
		};
/* End PBXNativeTarget section */

/* Begin PBXProject section */
		23193AA020F89D8700AE459C /* Project object */ = {
			isa = PBXProject;
			attributes = {
				LastSwiftUpdateCheck = 0920;
				LastUpgradeCheck = 0920;
				ORGANIZATIONNAME = com.fsfes.frewfer;
				TargetAttributes = {
					23193AA720F89D8700AE459C = {
						CreatedOnToolsVersion = 9.2;
						ProvisioningStyle = Automatic;
					};
					23193ABB20F89D8700AE459C = {
						CreatedOnToolsVersion = 9.2;
						ProvisioningStyle = Automatic;
						TestTargetID = 23193AA720F89D8700AE459C;
					};
				};
			};
			buildConfigurationList = 23193AA320F89D8700AE459C /* Build configuration list for PBXProject "Algorithm" */;
			compatibilityVersion = "Xcode 8.0";
			developmentRegion = en;
			hasScannedForEncodings = 0;
			knownRegions = (
				en,
				Base,
			);
			mainGroup = 23193A9F20F89D8700AE459C;
			productRefGroup = 23193AA920F89D8700AE459C /* Products */;
			projectDirPath = "";
			projectRoot = "";
			targets = (
				23193AA720F89D8700AE459C /* Algorithm */,
				23193ABB20F89D8700AE459C /* AlgorithmTests */,
			);
		};
/* End PBXProject section */

/* Begin PBXResourcesBuildPhase section */
		23193AA620F89D8700AE459C /* Resources */ = {
			isa = PBXResourcesBuildPhase;
			buildActionMask = 2147483647;
			files = (
				23193AB620F89D8700AE459C /* LaunchScreen.storyboard in Resources */,
				23193AB320F89D8700AE459C /* Assets.xcassets in Resources */,
				23193AB120F89D8700AE459C /* Main.storyboard in Resources */,
			);
			runOnlyForDeploymentPostprocessing = 0;
		};
		23193ABA20F89D8700AE459C /* Resources */ = {
			isa = PBXResourcesBuildPhase;
			buildActionMask = 2147483647;
			files = (
			);
			runOnlyForDeploymentPostprocessing = 0;
		};
/* End PBXResourcesBuildPhase section */

/* Begin PBXSourcesBuildPhase section */
		23193AA420F89D8700AE459C /* Sources */ = {
			isa = PBXSourcesBuildPhase;
			buildActionMask = 2147483647;
			files = (
				23193AAE20F89D8700AE459C /* ViewController.swift in Sources */,
				23193ACC20F89DA100AE459C /* SelectionSort.swift in Sources */,
				23193AAC20F89D8700AE459C /* AppDelegate.swift in Sources */,
			);
			runOnlyForDeploymentPostprocessing = 0;
		};
		23193AB820F89D8700AE459C /* Sources */ = {
			isa = PBXSourcesBuildPhase;
			buildActionMask = 2147483647;
			files = (
				23193ACE20F89DC400AE459C /* SortingTests.swift in Sources */,
				23193AD120F8CEDA00AE459C /* SelectionSort.swift in Sources */,
				23193AC120F89D8700AE459C /* AlgorithmTests.swift in Sources */,
			);
			runOnlyForDeploymentPostprocessing = 0;
		};
/* End PBXSourcesBuildPhase section */

/* Begin PBXTargetDependency section */
		23193ABE20F89D8700AE459C /* PBXTargetDependency */ = {
			isa = PBXTargetDependency;
			target = 23193AA720F89D8700AE459C /* Algorithm */;
			targetProxy = 23193ABD20F89D8700AE459C /* PBXContainerItemProxy */;
		};
/* End PBXTargetDependency section */

/* Begin PBXVariantGroup section */
		23193AAF20F89D8700AE459C /* Main.storyboard */ = {
			isa = PBXVariantGroup;
			children = (
				23193AB020F89D8700AE459C /* Base */,
			);
			name = Main.storyboard;
			sourceTree = "<group>";
		};
		23193AB420F89D8700AE459C /* LaunchScreen.storyboard */ = {
			isa = PBXVariantGroup;
			children = (
				23193AB520F89D8700AE459C /* Base */,
			);
			name = LaunchScreen.storyboard;
			sourceTree = "<group>";
		};
/* End PBXVariantGroup section */

/* Begin XCBuildConfiguration section */
		23193AC320F89D8700AE459C /* Debug */ = {
			isa = XCBuildConfiguration;
			buildSettings = {
				ALWAYS_SEARCH_USER_PATHS = NO;
				CLANG_ANALYZER_NONNULL = YES;
				CLANG_ANALYZER_NUMBER_OBJECT_CONVERSION = YES_AGGRESSIVE;
				CLANG_CXX_LANGUAGE_STANDARD = "gnu++14";
				CLANG_CXX_LIBRARY = "libc++";
				CLANG_ENABLE_MODULES = YES;
				CLANG_ENABLE_OBJC_ARC = YES;
				CLANG_WARN_BLOCK_CAPTURE_AUTORELEASING = YES;
				CLANG_WARN_BOOL_CONVERSION = YES;
				CLANG_WARN_COMMA = YES;
				CLANG_WARN_CONSTANT_CONVERSION = YES;
				CLANG_WARN_DIRECT_OBJC_ISA_USAGE = YES_ERROR;
				CLANG_WARN_DOCUMENTATION_COMMENTS = YES;
				CLANG_WARN_EMPTY_BODY = YES;
				CLANG_WARN_ENUM_CONVERSION = YES;
				CLANG_WARN_INFINITE_RECURSION = YES;
				CLANG_WARN_INT_CONVERSION = YES;
				CLANG_WARN_NON_LITERAL_NULL_CONVERSION = YES;
				CLANG_WARN_OBJC_LITERAL_CONVERSION = YES;
				CLANG_WARN_OBJC_ROOT_CLASS = YES_ERROR;
				CLANG_WARN_RANGE_LOOP_ANALYSIS = YES;
				CLANG_WARN_STRICT_PROTOTYPES = YES;
				CLANG_WARN_SUSPICIOUS_MOVE = YES;
				CLANG_WARN_UNGUARDED_AVAILABILITY = YES_AGGRESSIVE;
				CLANG_WARN_UNREACHABLE_CODE = YES;
				CLANG_WARN__DUPLICATE_METHOD_MATCH = YES;
				CODE_SIGN_IDENTITY = "iPhone Developer";
				COPY_PHASE_STRIP = NO;
				DEBUG_INFORMATION_FORMAT = dwarf;
				ENABLE_STRICT_OBJC_MSGSEND = YES;
				ENABLE_TESTABILITY = YES;
				GCC_C_LANGUAGE_STANDARD = gnu11;
				GCC_DYNAMIC_NO_PIC = NO;
				GCC_NO_COMMON_BLOCKS = YES;
				GCC_OPTIMIZATION_LEVEL = 0;
				GCC_PREPROCESSOR_DEFINITIONS = (
					"DEBUG=1",
					"$(inherited)",
				);
				GCC_WARN_64_TO_32_BIT_CONVERSION = YES;
				GCC_WARN_ABOUT_RETURN_TYPE = YES_ERROR;
				GCC_WARN_UNDECLARED_SELECTOR = YES;
				GCC_WARN_UNINITIALIZED_AUTOS = YES_AGGRESSIVE;
				GCC_WARN_UNUSED_FUNCTION = YES;
				GCC_WARN_UNUSED_VARIABLE = YES;
				IPHONEOS_DEPLOYMENT_TARGET = 11.2;
				MTL_ENABLE_DEBUG_INFO = YES;
				ONLY_ACTIVE_ARCH = YES;
				SDKROOT = iphoneos;
				SWIFT_ACTIVE_COMPILATION_CONDITIONS = DEBUG;
				SWIFT_OPTIMIZATION_LEVEL = "-Onone";
			};
			name = Debug;
		};
		23193AC420F89D8700AE459C /* Release */ = {
			isa = XCBuildConfiguration;
			buildSettings = {
				ALWAYS_SEARCH_USER_PATHS = NO;
				CLANG_ANALYZER_NONNULL = YES;
				CLANG_ANALYZER_NUMBER_OBJECT_CONVERSION = YES_AGGRESSIVE;
				CLANG_CXX_LANGUAGE_STANDARD = "gnu++14";
				CLANG_CXX_LIBRARY = "libc++";
				CLANG_ENABLE_MODULES = YES;
				CLANG_ENABLE_OBJC_ARC = YES;
				CLANG_WARN_BLOCK_CAPTURE_AUTORELEASING = YES;
				CLANG_WARN_BOOL_CONVERSION = YES;
				CLANG_WARN_COMMA = YES;
				CLANG_WARN_CONSTANT_CONVERSION = YES;
				CLANG_WARN_DIRECT_OBJC_ISA_USAGE = YES_ERROR;
				CLANG_WARN_DOCUMENTATION_COMMENTS = YES;
				CLANG_WARN_EMPTY_BODY = YES;
				CLANG_WARN_ENUM_CONVERSION = YES;
				CLANG_WARN_INFINITE_RECURSION = YES;
				CLANG_WARN_INT_CONVERSION = YES;
				CLANG_WARN_NON_LITERAL_NULL_CONVERSION = YES;
				CLANG_WARN_OBJC_LITERAL_CONVERSION = YES;
				CLANG_WARN_OBJC_ROOT_CLASS = YES_ERROR;
				CLANG_WARN_RANGE_LOOP_ANALYSIS = YES;
				CLANG_WARN_STRICT_PROTOTYPES = YES;
				CLANG_WARN_SUSPICIOUS_MOVE = YES;
				CLANG_WARN_UNGUARDED_AVAILABILITY = YES_AGGRESSIVE;
				CLANG_WARN_UNREACHABLE_CODE = YES;
				CLANG_WARN__DUPLICATE_METHOD_MATCH = YES;
				CODE_SIGN_IDENTITY = "iPhone Developer";
				COPY_PHASE_STRIP = NO;
				DEBUG_INFORMATION_FORMAT = "dwarf-with-dsym";
				ENABLE_NS_ASSERTIONS = NO;
				ENABLE_STRICT_OBJC_MSGSEND = YES;
				GCC_C_LANGUAGE_STANDARD = gnu11;
				GCC_NO_COMMON_BLOCKS = YES;
				GCC_WARN_64_TO_32_BIT_CONVERSION = YES;
				GCC_WARN_ABOUT_RETURN_TYPE = YES_ERROR;
				GCC_WARN_UNDECLARED_SELECTOR = YES;
				GCC_WARN_UNINITIALIZED_AUTOS = YES_AGGRESSIVE;
				GCC_WARN_UNUSED_FUNCTION = YES;
				GCC_WARN_UNUSED_VARIABLE = YES;
				IPHONEOS_DEPLOYMENT_TARGET = 11.2;
				MTL_ENABLE_DEBUG_INFO = NO;
				SDKROOT = iphoneos;
				SWIFT_OPTIMIZATION_LEVEL = "-Owholemodule";
				VALIDATE_PRODUCT = YES;
			};
			name = Release;
		};
		23193AC620F89D8700AE459C /* Debug */ = {
			isa = XCBuildConfiguration;
			buildSettings = {
				ASSETCATALOG_COMPILER_APPICON_NAME = AppIcon;
				CODE_SIGN_STYLE = Automatic;
				INFOPLIST_FILE = Algorithm/Info.plist;
				LD_RUNPATH_SEARCH_PATHS = "$(inherited) @executable_path/Frameworks";
				PRODUCT_BUNDLE_IDENTIFIER = fjkdfner.Algorithm;
				PRODUCT_NAME = "$(TARGET_NAME)";
				SWIFT_VERSION = 4.0;
				TARGETED_DEVICE_FAMILY = "1,2";
			};
			name = Debug;
		};
		23193AC720F89D8700AE459C /* Release */ = {
			isa = XCBuildConfiguration;
			buildSettings = {
				ASSETCATALOG_COMPILER_APPICON_NAME = AppIcon;
				CODE_SIGN_STYLE = Automatic;
				INFOPLIST_FILE = Algorithm/Info.plist;
				LD_RUNPATH_SEARCH_PATHS = "$(inherited) @executable_path/Frameworks";
				PRODUCT_BUNDLE_IDENTIFIER = fjkdfner.Algorithm;
				PRODUCT_NAME = "$(TARGET_NAME)";
				SWIFT_VERSION = 4.0;
				TARGETED_DEVICE_FAMILY = "1,2";
			};
			name = Release;
		};
		23193AC920F89D8700AE459C /* Debug */ = {
			isa = XCBuildConfiguration;
			buildSettings = {
				ALWAYS_EMBED_SWIFT_STANDARD_LIBRARIES = YES;
				BUNDLE_LOADER = "$(TEST_HOST)";
				CODE_SIGN_STYLE = Automatic;
				INFOPLIST_FILE = AlgorithmTests/Info.plist;
				LD_RUNPATH_SEARCH_PATHS = "$(inherited) @executable_path/Frameworks @loader_path/Frameworks";
				PRODUCT_BUNDLE_IDENTIFIER = fjkdfner.AlgorithmTests;
				PRODUCT_NAME = "$(TARGET_NAME)";
				SWIFT_VERSION = 4.0;
				TARGETED_DEVICE_FAMILY = "1,2";
				TEST_HOST = "$(BUILT_PRODUCTS_DIR)/Algorithm.app/Algorithm";
			};
			name = Debug;
		};
		23193ACA20F89D8700AE459C /* Release */ = {
			isa = XCBuildConfiguration;
			buildSettings = {
				ALWAYS_EMBED_SWIFT_STANDARD_LIBRARIES = YES;
				BUNDLE_LOADER = "$(TEST_HOST)";
				CODE_SIGN_STYLE = Automatic;
				INFOPLIST_FILE = AlgorithmTests/Info.plist;
				LD_RUNPATH_SEARCH_PATHS = "$(inherited) @executable_path/Frameworks @loader_path/Frameworks";
				PRODUCT_BUNDLE_IDENTIFIER = fjkdfner.AlgorithmTests;
				PRODUCT_NAME = "$(TARGET_NAME)";
				SWIFT_VERSION = 4.0;
				TARGETED_DEVICE_FAMILY = "1,2";
				TEST_HOST = "$(BUILT_PRODUCTS_DIR)/Algorithm.app/Algorithm";
			};
			name = Release;
		};
/* End XCBuildConfiguration section */

/* Begin XCConfigurationList section */
		23193AA320F89D8700AE459C /* Build configuration list for PBXProject "Algorithm" */ = {
			isa = XCConfigurationList;
			buildConfigurations = (
				23193AC320F89D8700AE459C /* Debug */,
				23193AC420F89D8700AE459C /* Release */,
			);
			defaultConfigurationIsVisible = 0;
			defaultConfigurationName = Release;
		};
		23193AC520F89D8700AE459C /* Build configuration list for PBXNativeTarget "Algorithm" */ = {
			isa = XCConfigurationList;
			buildConfigurations = (
				23193AC620F89D8700AE459C /* Debug */,
				23193AC720F89D8700AE459C /* Release */,
			);
			defaultConfigurationIsVisible = 0;
			defaultConfigurationName = Release;
		};
		23193AC820F89D8700AE459C /* Build configuration list for PBXNativeTarget "AlgorithmTests" */ = {
			isa = XCConfigurationList;
			buildConfigurations = (
				23193AC920F89D8700AE459C /* Debug */,
				23193ACA20F89D8700AE459C /* Release */,
			);
			defaultConfigurationIsVisible = 0;
			defaultConfigurationName = Release;
		};
/* End XCConfigurationList section */
	};
	rootObject = 23193AA020F89D8700AE459C /* Project object */;
}
