// !$*UTF8*$!
{
	archiveVersion = 1;
	classes = {
	};
	objectVersion = 48;
	objects = {

/* Begin PBXBuildFile section */
		23927738210A045C000B3C44 /* QueueTests.swift in Sources */ = {isa = PBXBuildFile; fileRef = 23927737210A045C000B3C44 /* QueueTests.swift */; };
		23F548F320F900FC00C174BC /* AppDelegate.swift in Sources */ = {isa = PBXBuildFile; fileRef = 23F548F220F900FC00C174BC /* AppDelegate.swift */; };
		23F548F520F900FC00C174BC /* ViewController.swift in Sources */ = {isa = PBXBuildFile; fileRef = 23F548F420F900FC00C174BC /* ViewController.swift */; };
		23F548F820F900FC00C174BC /* Main.storyboard in Resources */ = {isa = PBXBuildFile; fileRef = 23F548F620F900FC00C174BC /* Main.storyboard */; };
		23F548FA20F900FC00C174BC /* Assets.xcassets in Resources */ = {isa = PBXBuildFile; fileRef = 23F548F920F900FC00C174BC /* Assets.xcassets */; };
		23F548FD20F900FC00C174BC /* LaunchScreen.storyboard in Resources */ = {isa = PBXBuildFile; fileRef = 23F548FB20F900FC00C174BC /* LaunchScreen.storyboard */; };
		23F5491320F9018700C174BC /* SelectionSort.swift in Sources */ = {isa = PBXBuildFile; fileRef = 23F5491220F9018700C174BC /* SelectionSort.swift */; };
		23F5491520F9018D00C174BC /* SelectionSortTests.swift in Sources */ = {isa = PBXBuildFile; fileRef = 23F5491420F9018D00C174BC /* SelectionSortTests.swift */; };
		23FAE0F62278C43600B8819E /* GraphTests.swift in Sources */ = {isa = PBXBuildFile; fileRef = 23FAE0F52278C43600B8819E /* GraphTests.swift */; };
		E01408FE210CF19200B3CF03 /* TreeTests.swift in Sources */ = {isa = PBXBuildFile; fileRef = E01408FD210CF19200B3CF03 /* TreeTests.swift */; };
		E09B95192109090D004D5871 /* StackTests.swift in Sources */ = {isa = PBXBuildFile; fileRef = E09B95182109090D004D5871 /* StackTests.swift */; };
		E0A729E720FD264B00A88E75 /* MergeSortTests.swift in Sources */ = {isa = PBXBuildFile; fileRef = E0A729E620FD264B00A88E75 /* MergeSortTests.swift */; };
		E0A729E920FD26A300A88E75 /* MergeSort.swift in Sources */ = {isa = PBXBuildFile; fileRef = E0A729E820FD26A300A88E75 /* MergeSort.swift */; };
		E0A729EC20FD26C100A88E75 /* HeapSort.swift in Sources */ = {isa = PBXBuildFile; fileRef = E0A729EB20FD26C100A88E75 /* HeapSort.swift */; };
		E0A729EE20FD26CC00A88E75 /* InsertionSort.swift in Sources */ = {isa = PBXBuildFile; fileRef = E0A729ED20FD26CC00A88E75 /* InsertionSort.swift */; };
		E0A729F020FD270F00A88E75 /* QuickSort.swift in Sources */ = {isa = PBXBuildFile; fileRef = E0A729EF20FD270F00A88E75 /* QuickSort.swift */; };
		E0A729F220FD27A500A88E75 /* InsertionSortTests.swift in Sources */ = {isa = PBXBuildFile; fileRef = E0A729F120FD27A500A88E75 /* InsertionSortTests.swift */; };
		E0A729F420FD27B200A88E75 /* QuickSortTests.swift in Sources */ = {isa = PBXBuildFile; fileRef = E0A729F320FD27B200A88E75 /* QuickSortTests.swift */; };
		E0A729F620FD27BD00A88E75 /* HeapSortTests.swift in Sources */ = {isa = PBXBuildFile; fileRef = E0A729F520FD27BD00A88E75 /* HeapSortTests.swift */; };
		E0A729F920FD287A00A88E75 /* BubbleSort.swift in Sources */ = {isa = PBXBuildFile; fileRef = E0A729F820FD287A00A88E75 /* BubbleSort.swift */; };
		E0A729FB20FD289000A88E75 /* BubbleSortTests.swift in Sources */ = {isa = PBXBuildFile; fileRef = E0A729FA20FD289000A88E75 /* BubbleSortTests.swift */; };
		E0A729FF20FD2C3800A88E75 /* LinkedList.swift in Sources */ = {isa = PBXBuildFile; fileRef = E0A729FE20FD2C3800A88E75 /* LinkedList.swift */; };
		E0A72A0120FD2C4700A88E75 /* Queue.swift in Sources */ = {isa = PBXBuildFile; fileRef = E0A72A0020FD2C4700A88E75 /* Queue.swift */; };
		E0A72A0320FD2C5000A88E75 /* Stack.swift in Sources */ = {isa = PBXBuildFile; fileRef = E0A72A0220FD2C5000A88E75 /* Stack.swift */; };
		E0A72A0520FD2C5600A88E75 /* Tree.swift in Sources */ = {isa = PBXBuildFile; fileRef = E0A72A0420FD2C5600A88E75 /* Tree.swift */; };
		E0A72A0720FD2C5D00A88E75 /* Graph.swift in Sources */ = {isa = PBXBuildFile; fileRef = E0A72A0620FD2C5D00A88E75 /* Graph.swift */; };
		E0A72A0A20FD2CA900A88E75 /* SinglyLinkedList.swift in Sources */ = {isa = PBXBuildFile; fileRef = E0A72A0920FD2CA900A88E75 /* SinglyLinkedList.swift */; };
		E0A72A0C20FD2CB500A88E75 /* DoublyLinkedList.swift in Sources */ = {isa = PBXBuildFile; fileRef = E0A72A0B20FD2CB500A88E75 /* DoublyLinkedList.swift */; };
		E0A72A0E20FD2CC000A88E75 /* CircularLinkedList.swift in Sources */ = {isa = PBXBuildFile; fileRef = E0A72A0D20FD2CC000A88E75 /* CircularLinkedList.swift */; };
		E0A72A1020FD2D6F00A88E75 /* HashTable.swift in Sources */ = {isa = PBXBuildFile; fileRef = E0A72A0F20FD2D6F00A88E75 /* HashTable.swift */; };
		E0CA1B94210BB3EC00AC19A2 /* LinkedListTests.swift in Sources */ = {isa = PBXBuildFile; fileRef = E0CA1B93210BB3EC00AC19A2 /* LinkedListTests.swift */; };
/* End PBXBuildFile section */

/* Begin PBXContainerItemProxy section */
		23F5490420F900FC00C174BC /* PBXContainerItemProxy */ = {
			isa = PBXContainerItemProxy;
			containerPortal = 23F548E720F900FC00C174BC /* Project object */;
			proxyType = 1;
			remoteGlobalIDString = 23F548EE20F900FC00C174BC;
			remoteInfo = Algorithm;
		};
/* End PBXContainerItemProxy section */

/* Begin PBXFileReference section */
		23927737210A045C000B3C44 /* QueueTests.swift */ = {isa = PBXFileReference; lastKnownFileType = sourcecode.swift; path = QueueTests.swift; sourceTree = "<group>"; };
		23F548EF20F900FC00C174BC /* Algorithm.app */ = {isa = PBXFileReference; explicitFileType = wrapper.application; includeInIndex = 0; path = Algorithm.app; sourceTree = BUILT_PRODUCTS_DIR; };
		23F548F220F900FC00C174BC /* AppDelegate.swift */ = {isa = PBXFileReference; lastKnownFileType = sourcecode.swift; path = AppDelegate.swift; sourceTree = "<group>"; };
		23F548F420F900FC00C174BC /* ViewController.swift */ = {isa = PBXFileReference; lastKnownFileType = sourcecode.swift; path = ViewController.swift; sourceTree = "<group>"; };
		23F548F720F900FC00C174BC /* Base */ = {isa = PBXFileReference; lastKnownFileType = file.storyboard; name = Base; path = Base.lproj/Main.storyboard; sourceTree = "<group>"; };
		23F548F920F900FC00C174BC /* Assets.xcassets */ = {isa = PBXFileReference; lastKnownFileType = folder.assetcatalog; path = Assets.xcassets; sourceTree = "<group>"; };
		23F548FC20F900FC00C174BC /* Base */ = {isa = PBXFileReference; lastKnownFileType = file.storyboard; name = Base; path = Base.lproj/LaunchScreen.storyboard; sourceTree = "<group>"; };
		23F548FE20F900FC00C174BC /* Info.plist */ = {isa = PBXFileReference; lastKnownFileType = text.plist.xml; path = Info.plist; sourceTree = "<group>"; };
		23F5490320F900FC00C174BC /* AlgorithmTests.xctest */ = {isa = PBXFileReference; explicitFileType = wrapper.cfbundle; includeInIndex = 0; path = AlgorithmTests.xctest; sourceTree = BUILT_PRODUCTS_DIR; };
		23F5490920F900FD00C174BC /* Info.plist */ = {isa = PBXFileReference; lastKnownFileType = text.plist.xml; path = Info.plist; sourceTree = "<group>"; };
		23F5491220F9018700C174BC /* SelectionSort.swift */ = {isa = PBXFileReference; fileEncoding = 4; lastKnownFileType = sourcecode.swift; path = SelectionSort.swift; sourceTree = "<group>"; };
		23F5491420F9018D00C174BC /* SelectionSortTests.swift */ = {isa = PBXFileReference; fileEncoding = 4; lastKnownFileType = sourcecode.swift; path = SelectionSortTests.swift; sourceTree = "<group>"; };
		23FAE0F52278C43600B8819E /* GraphTests.swift */ = {isa = PBXFileReference; lastKnownFileType = sourcecode.swift; path = GraphTests.swift; sourceTree = "<group>"; };
		E01408FD210CF19200B3CF03 /* TreeTests.swift */ = {isa = PBXFileReference; lastKnownFileType = sourcecode.swift; path = TreeTests.swift; sourceTree = "<group>"; };
		E09B95182109090D004D5871 /* StackTests.swift */ = {isa = PBXFileReference; lastKnownFileType = sourcecode.swift; path = StackTests.swift; sourceTree = "<group>"; };
		E0A729E620FD264B00A88E75 /* MergeSortTests.swift */ = {isa = PBXFileReference; lastKnownFileType = sourcecode.swift; path = MergeSortTests.swift; sourceTree = "<group>"; };
		E0A729E820FD26A300A88E75 /* MergeSort.swift */ = {isa = PBXFileReference; lastKnownFileType = sourcecode.swift; path = MergeSort.swift; sourceTree = "<group>"; };
		E0A729EB20FD26C100A88E75 /* HeapSort.swift */ = {isa = PBXFileReference; lastKnownFileType = sourcecode.swift; path = HeapSort.swift; sourceTree = "<group>"; };
		E0A729ED20FD26CC00A88E75 /* InsertionSort.swift */ = {isa = PBXFileReference; lastKnownFileType = sourcecode.swift; path = InsertionSort.swift; sourceTree = "<group>"; };
		E0A729EF20FD270F00A88E75 /* QuickSort.swift */ = {isa = PBXFileReference; lastKnownFileType = sourcecode.swift; path = QuickSort.swift; sourceTree = "<group>"; };
		E0A729F120FD27A500A88E75 /* InsertionSortTests.swift */ = {isa = PBXFileReference; lastKnownFileType = sourcecode.swift; path = InsertionSortTests.swift; sourceTree = "<group>"; };
		E0A729F320FD27B200A88E75 /* QuickSortTests.swift */ = {isa = PBXFileReference; lastKnownFileType = sourcecode.swift; path = QuickSortTests.swift; sourceTree = "<group>"; };
		E0A729F520FD27BD00A88E75 /* HeapSortTests.swift */ = {isa = PBXFileReference; lastKnownFileType = sourcecode.swift; path = HeapSortTests.swift; sourceTree = "<group>"; };
		E0A729F820FD287A00A88E75 /* BubbleSort.swift */ = {isa = PBXFileReference; lastKnownFileType = sourcecode.swift; path = BubbleSort.swift; sourceTree = "<group>"; };
		E0A729FA20FD289000A88E75 /* BubbleSortTests.swift */ = {isa = PBXFileReference; lastKnownFileType = sourcecode.swift; path = BubbleSortTests.swift; sourceTree = "<group>"; };
		E0A729FE20FD2C3800A88E75 /* LinkedList.swift */ = {isa = PBXFileReference; lastKnownFileType = sourcecode.swift; path = LinkedList.swift; sourceTree = "<group>"; };
		E0A72A0020FD2C4700A88E75 /* Queue.swift */ = {isa = PBXFileReference; lastKnownFileType = sourcecode.swift; path = Queue.swift; sourceTree = "<group>"; };
		E0A72A0220FD2C5000A88E75 /* Stack.swift */ = {isa = PBXFileReference; lastKnownFileType = sourcecode.swift; path = Stack.swift; sourceTree = "<group>"; };
		E0A72A0420FD2C5600A88E75 /* Tree.swift */ = {isa = PBXFileReference; lastKnownFileType = sourcecode.swift; path = Tree.swift; sourceTree = "<group>"; };
		E0A72A0620FD2C5D00A88E75 /* Graph.swift */ = {isa = PBXFileReference; lastKnownFileType = sourcecode.swift; path = Graph.swift; sourceTree = "<group>"; };
		E0A72A0920FD2CA900A88E75 /* SinglyLinkedList.swift */ = {isa = PBXFileReference; lastKnownFileType = sourcecode.swift; path = SinglyLinkedList.swift; sourceTree = "<group>"; };
		E0A72A0B20FD2CB500A88E75 /* DoublyLinkedList.swift */ = {isa = PBXFileReference; lastKnownFileType = sourcecode.swift; path = DoublyLinkedList.swift; sourceTree = "<group>"; };
		E0A72A0D20FD2CC000A88E75 /* CircularLinkedList.swift */ = {isa = PBXFileReference; lastKnownFileType = sourcecode.swift; path = CircularLinkedList.swift; sourceTree = "<group>"; };
		E0A72A0F20FD2D6F00A88E75 /* HashTable.swift */ = {isa = PBXFileReference; lastKnownFileType = sourcecode.swift; path = HashTable.swift; sourceTree = "<group>"; };
		E0CA1B93210BB3EC00AC19A2 /* LinkedListTests.swift */ = {isa = PBXFileReference; lastKnownFileType = sourcecode.swift; path = LinkedListTests.swift; sourceTree = "<group>"; };
/* End PBXFileReference section */

/* Begin PBXFrameworksBuildPhase section */
		23F548EC20F900FC00C174BC /* Frameworks */ = {
			isa = PBXFrameworksBuildPhase;
			buildActionMask = 2147483647;
			files = (
			);
			runOnlyForDeploymentPostprocessing = 0;
		};
		23F5490020F900FC00C174BC /* Frameworks */ = {
			isa = PBXFrameworksBuildPhase;
			buildActionMask = 2147483647;
			files = (
			);
			runOnlyForDeploymentPostprocessing = 0;
		};
/* End PBXFrameworksBuildPhase section */

/* Begin PBXGroup section */
		23F548E620F900FC00C174BC = {
			isa = PBXGroup;
			children = (
				23F548F120F900FC00C174BC /* Algorithm */,
				23F5490620F900FC00C174BC /* AlgorithmTests */,
				23F548F020F900FC00C174BC /* Products */,
			);
			sourceTree = "<group>";
		};
		23F548F020F900FC00C174BC /* Products */ = {
			isa = PBXGroup;
			children = (
				23F548EF20F900FC00C174BC /* Algorithm.app */,
				23F5490320F900FC00C174BC /* AlgorithmTests.xctest */,
			);
			name = Products;
			sourceTree = "<group>";
		};
		23F548F120F900FC00C174BC /* Algorithm */ = {
			isa = PBXGroup;
			children = (
				E0A729EA20FD26AD00A88E75 /* Sorting */,
				E0A72A0820FD2C6300A88E75 /* DataStructure */,
				23F548F220F900FC00C174BC /* AppDelegate.swift */,
				23F548F420F900FC00C174BC /* ViewController.swift */,
				23F548F620F900FC00C174BC /* Main.storyboard */,
				23F548F920F900FC00C174BC /* Assets.xcassets */,
				23F548FB20F900FC00C174BC /* LaunchScreen.storyboard */,
				23F548FE20F900FC00C174BC /* Info.plist */,
			);
			path = Algorithm;
			sourceTree = "<group>";
		};
		23F5490620F900FC00C174BC /* AlgorithmTests */ = {
			isa = PBXGroup;
			children = (
				23F5490920F900FD00C174BC /* Info.plist */,
				E0A729F720FD27C700A88E75 /* Sorting */,
				E09B951A21090913004D5871 /* DataStructure */,
			);
			path = AlgorithmTests;
			sourceTree = "<group>";
		};
		E09B951A21090913004D5871 /* DataStructure */ = {
			isa = PBXGroup;
			children = (
				E09B95182109090D004D5871 /* StackTests.swift */,
				23927737210A045C000B3C44 /* QueueTests.swift */,
				E0CA1B93210BB3EC00AC19A2 /* LinkedListTests.swift */,
				E01408FD210CF19200B3CF03 /* TreeTests.swift */,
				23FAE0F52278C43600B8819E /* GraphTests.swift */,
			);
			path = DataStructure;
			sourceTree = "<group>";
		};
		E0A729EA20FD26AD00A88E75 /* Sorting */ = {
			isa = PBXGroup;
			children = (
				23F5491220F9018700C174BC /* SelectionSort.swift */,
				E0A729E820FD26A300A88E75 /* MergeSort.swift */,
				E0A729EB20FD26C100A88E75 /* HeapSort.swift */,
				E0A729ED20FD26CC00A88E75 /* InsertionSort.swift */,
				E0A729EF20FD270F00A88E75 /* QuickSort.swift */,
				E0A729F820FD287A00A88E75 /* BubbleSort.swift */,
			);
			path = Sorting;
			sourceTree = "<group>";
		};
		E0A729F720FD27C700A88E75 /* Sorting */ = {
			isa = PBXGroup;
			children = (
				23F5491420F9018D00C174BC /* SelectionSortTests.swift */,
				E0A729E620FD264B00A88E75 /* MergeSortTests.swift */,
				E0A729F120FD27A500A88E75 /* InsertionSortTests.swift */,
				E0A729F320FD27B200A88E75 /* QuickSortTests.swift */,
				E0A729F520FD27BD00A88E75 /* HeapSortTests.swift */,
				E0A729FA20FD289000A88E75 /* BubbleSortTests.swift */,
			);
			path = Sorting;
			sourceTree = "<group>";
		};
		E0A72A0820FD2C6300A88E75 /* DataStructure */ = {
			isa = PBXGroup;
			children = (
				E0A729FE20FD2C3800A88E75 /* LinkedList.swift */,
				E0A72A0020FD2C4700A88E75 /* Queue.swift */,
				E0A72A0220FD2C5000A88E75 /* Stack.swift */,
				E0A72A0420FD2C5600A88E75 /* Tree.swift */,
				E0A72A0620FD2C5D00A88E75 /* Graph.swift */,
				E0A72A0920FD2CA900A88E75 /* SinglyLinkedList.swift */,
				E0A72A0B20FD2CB500A88E75 /* DoublyLinkedList.swift */,
				E0A72A0D20FD2CC000A88E75 /* CircularLinkedList.swift */,
				E0A72A0F20FD2D6F00A88E75 /* HashTable.swift */,
			);
			path = DataStructure;
			sourceTree = "<group>";
		};
/* End PBXGroup section */

/* Begin PBXNativeTarget section */
		23F548EE20F900FC00C174BC /* Algorithm */ = {
			isa = PBXNativeTarget;
			buildConfigurationList = 23F5490C20F900FD00C174BC /* Build configuration list for PBXNativeTarget "Algorithm" */;
			buildPhases = (
				23F548EB20F900FC00C174BC /* Sources */,
				23F548EC20F900FC00C174BC /* Frameworks */,
				23F548ED20F900FC00C174BC /* Resources */,
			);
			buildRules = (
			);
			dependencies = (
			);
			name = Algorithm;
			productName = Algorithm;
			productReference = 23F548EF20F900FC00C174BC /* Algorithm.app */;
			productType = "com.apple.product-type.application";
		};
		23F5490220F900FC00C174BC /* AlgorithmTests */ = {
			isa = PBXNativeTarget;
			buildConfigurationList = 23F5490F20F900FD00C174BC /* Build configuration list for PBXNativeTarget "AlgorithmTests" */;
			buildPhases = (
				23F548FF20F900FC00C174BC /* Sources */,
				23F5490020F900FC00C174BC /* Frameworks */,
				23F5490120F900FC00C174BC /* Resources */,
			);
			buildRules = (
			);
			dependencies = (
				23F5490520F900FC00C174BC /* PBXTargetDependency */,
			);
			name = AlgorithmTests;
			productName = AlgorithmTests;
			productReference = 23F5490320F900FC00C174BC /* AlgorithmTests.xctest */;
			productType = "com.apple.product-type.bundle.unit-test";
		};
/* End PBXNativeTarget section */

/* Begin PBXProject section */
		23F548E720F900FC00C174BC /* Project object */ = {
			isa = PBXProject;
			attributes = {
				LastSwiftUpdateCheck = 0920;
				LastUpgradeCheck = 0920;
				ORGANIZATIONNAME = com.fsfes.frewfer;
				TargetAttributes = {
					23F548EE20F900FC00C174BC = {
						CreatedOnToolsVersion = 9.2;
						ProvisioningStyle = Manual;
					};
					23F5490220F900FC00C174BC = {
						CreatedOnToolsVersion = 9.2;
						LastSwiftMigration = 1010;
						ProvisioningStyle = Automatic;
						TestTargetID = 23F548EE20F900FC00C174BC;
					};
				};
			};
			buildConfigurationList = 23F548EA20F900FC00C174BC /* Build configuration list for PBXProject "Algorithm" */;
			compatibilityVersion = "Xcode 8.0";
			developmentRegion = en;
			hasScannedForEncodings = 0;
			knownRegions = (
				en,
				Base,
			);
			mainGroup = 23F548E620F900FC00C174BC;
			productRefGroup = 23F548F020F900FC00C174BC /* Products */;
			projectDirPath = "";
			projectRoot = "";
			targets = (
				23F548EE20F900FC00C174BC /* Algorithm */,
				23F5490220F900FC00C174BC /* AlgorithmTests */,
			);
		};
/* End PBXProject section */

/* Begin PBXResourcesBuildPhase section */
		23F548ED20F900FC00C174BC /* Resources */ = {
			isa = PBXResourcesBuildPhase;
			buildActionMask = 2147483647;
			files = (
				23F548FD20F900FC00C174BC /* LaunchScreen.storyboard in Resources */,
				23F548FA20F900FC00C174BC /* Assets.xcassets in Resources */,
				23F548F820F900FC00C174BC /* Main.storyboard in Resources */,
			);
			runOnlyForDeploymentPostprocessing = 0;
		};
		23F5490120F900FC00C174BC /* Resources */ = {
			isa = PBXResourcesBuildPhase;
			buildActionMask = 2147483647;
			files = (
			);
			runOnlyForDeploymentPostprocessing = 0;
		};
/* End PBXResourcesBuildPhase section */

/* Begin PBXSourcesBuildPhase section */
		23F548EB20F900FC00C174BC /* Sources */ = {
			isa = PBXSourcesBuildPhase;
			buildActionMask = 2147483647;
			files = (
				E0A729FF20FD2C3800A88E75 /* LinkedList.swift in Sources */,
				E0A72A0720FD2C5D00A88E75 /* Graph.swift in Sources */,
				23F548F520F900FC00C174BC /* ViewController.swift in Sources */,
				23F5491320F9018700C174BC /* SelectionSort.swift in Sources */,
				E0A72A0A20FD2CA900A88E75 /* SinglyLinkedList.swift in Sources */,
				E0A729F020FD270F00A88E75 /* QuickSort.swift in Sources */,
				E0A729E920FD26A300A88E75 /* MergeSort.swift in Sources */,
				E0A72A0320FD2C5000A88E75 /* Stack.swift in Sources */,
				E0A72A0120FD2C4700A88E75 /* Queue.swift in Sources */,
				E0A72A1020FD2D6F00A88E75 /* HashTable.swift in Sources */,
				E0A729EE20FD26CC00A88E75 /* InsertionSort.swift in Sources */,
				E0A72A0C20FD2CB500A88E75 /* DoublyLinkedList.swift in Sources */,
				E0A72A0E20FD2CC000A88E75 /* CircularLinkedList.swift in Sources */,
				23F548F320F900FC00C174BC /* AppDelegate.swift in Sources */,
				E0A72A0520FD2C5600A88E75 /* Tree.swift in Sources */,
				E0A729EC20FD26C100A88E75 /* HeapSort.swift in Sources */,
				E0A729F920FD287A00A88E75 /* BubbleSort.swift in Sources */,
			);
			runOnlyForDeploymentPostprocessing = 0;
		};
		23F548FF20F900FC00C174BC /* Sources */ = {
			isa = PBXSourcesBuildPhase;
			buildActionMask = 2147483647;
			files = (
				E0A729E720FD264B00A88E75 /* MergeSortTests.swift in Sources */,
				23FAE0F62278C43600B8819E /* GraphTests.swift in Sources */,
				E0CA1B94210BB3EC00AC19A2 /* LinkedListTests.swift in Sources */,
				E0A729FB20FD289000A88E75 /* BubbleSortTests.swift in Sources */,
				23F5491520F9018D00C174BC /* SelectionSortTests.swift in Sources */,
				23927738210A045C000B3C44 /* QueueTests.swift in Sources */,
				E09B95192109090D004D5871 /* StackTests.swift in Sources */,
				E0A729F220FD27A500A88E75 /* InsertionSortTests.swift in Sources */,
				E01408FE210CF19200B3CF03 /* TreeTests.swift in Sources */,
				E0A729F620FD27BD00A88E75 /* HeapSortTests.swift in Sources */,
				E0A729F420FD27B200A88E75 /* QuickSortTests.swift in Sources */,
			);
			runOnlyForDeploymentPostprocessing = 0;
		};
/* End PBXSourcesBuildPhase section */

/* Begin PBXTargetDependency section */
		23F5490520F900FC00C174BC /* PBXTargetDependency */ = {
			isa = PBXTargetDependency;
			target = 23F548EE20F900FC00C174BC /* Algorithm */;
			targetProxy = 23F5490420F900FC00C174BC /* PBXContainerItemProxy */;
		};
/* End PBXTargetDependency section */

/* Begin PBXVariantGroup section */
		23F548F620F900FC00C174BC /* Main.storyboard */ = {
			isa = PBXVariantGroup;
			children = (
				23F548F720F900FC00C174BC /* Base */,
			);
			name = Main.storyboard;
			sourceTree = "<group>";
		};
		23F548FB20F900FC00C174BC /* LaunchScreen.storyboard */ = {
			isa = PBXVariantGroup;
			children = (
				23F548FC20F900FC00C174BC /* Base */,
			);
			name = LaunchScreen.storyboard;
			sourceTree = "<group>";
		};
/* End PBXVariantGroup section */

/* Begin XCBuildConfiguration section */
		23F5490A20F900FD00C174BC /* Debug */ = {
			isa = XCBuildConfiguration;
			buildSettings = {
				ALWAYS_SEARCH_USER_PATHS = NO;
				CLANG_ANALYZER_NONNULL = YES;
				CLANG_ANALYZER_NUMBER_OBJECT_CONVERSION = YES_AGGRESSIVE;
				CLANG_CXX_LANGUAGE_STANDARD = "gnu++14";
				CLANG_CXX_LIBRARY = "libc++";
				CLANG_ENABLE_MODULES = YES;
				CLANG_ENABLE_OBJC_ARC = YES;
				CLANG_WARN_BLOCK_CAPTURE_AUTORELEASING = YES;
				CLANG_WARN_BOOL_CONVERSION = YES;
				CLANG_WARN_COMMA = YES;
				CLANG_WARN_CONSTANT_CONVERSION = YES;
				CLANG_WARN_DIRECT_OBJC_ISA_USAGE = YES_ERROR;
				CLANG_WARN_DOCUMENTATION_COMMENTS = YES;
				CLANG_WARN_EMPTY_BODY = YES;
				CLANG_WARN_ENUM_CONVERSION = YES;
				CLANG_WARN_INFINITE_RECURSION = YES;
				CLANG_WARN_INT_CONVERSION = YES;
				CLANG_WARN_NON_LITERAL_NULL_CONVERSION = YES;
				CLANG_WARN_OBJC_LITERAL_CONVERSION = YES;
				CLANG_WARN_OBJC_ROOT_CLASS = YES_ERROR;
				CLANG_WARN_RANGE_LOOP_ANALYSIS = YES;
				CLANG_WARN_STRICT_PROTOTYPES = YES;
				CLANG_WARN_SUSPICIOUS_MOVE = YES;
				CLANG_WARN_UNGUARDED_AVAILABILITY = YES_AGGRESSIVE;
				CLANG_WARN_UNREACHABLE_CODE = YES;
				CLANG_WARN__DUPLICATE_METHOD_MATCH = YES;
				CODE_SIGN_IDENTITY = "iPhone Developer";
				COPY_PHASE_STRIP = NO;
				DEBUG_INFORMATION_FORMAT = dwarf;
				ENABLE_STRICT_OBJC_MSGSEND = YES;
				ENABLE_TESTABILITY = YES;
				GCC_C_LANGUAGE_STANDARD = gnu11;
				GCC_DYNAMIC_NO_PIC = NO;
				GCC_NO_COMMON_BLOCKS = YES;
				GCC_OPTIMIZATION_LEVEL = 0;
				GCC_PREPROCESSOR_DEFINITIONS = (
					"DEBUG=1",
					"$(inherited)",
				);
				GCC_WARN_64_TO_32_BIT_CONVERSION = YES;
				GCC_WARN_ABOUT_RETURN_TYPE = YES_ERROR;
				GCC_WARN_UNDECLARED_SELECTOR = YES;
				GCC_WARN_UNINITIALIZED_AUTOS = YES_AGGRESSIVE;
				GCC_WARN_UNUSED_FUNCTION = YES;
				GCC_WARN_UNUSED_VARIABLE = YES;
				IPHONEOS_DEPLOYMENT_TARGET = 11.2;
				MTL_ENABLE_DEBUG_INFO = YES;
				ONLY_ACTIVE_ARCH = YES;
				SDKROOT = iphoneos;
				SWIFT_ACTIVE_COMPILATION_CONDITIONS = DEBUG;
				SWIFT_OPTIMIZATION_LEVEL = "-Onone";
			};
			name = Debug;
		};
		23F5490B20F900FD00C174BC /* Release */ = {
			isa = XCBuildConfiguration;
			buildSettings = {
				ALWAYS_SEARCH_USER_PATHS = NO;
				CLANG_ANALYZER_NONNULL = YES;
				CLANG_ANALYZER_NUMBER_OBJECT_CONVERSION = YES_AGGRESSIVE;
				CLANG_CXX_LANGUAGE_STANDARD = "gnu++14";
				CLANG_CXX_LIBRARY = "libc++";
				CLANG_ENABLE_MODULES = YES;
				CLANG_ENABLE_OBJC_ARC = YES;
				CLANG_WARN_BLOCK_CAPTURE_AUTORELEASING = YES;
				CLANG_WARN_BOOL_CONVERSION = YES;
				CLANG_WARN_COMMA = YES;
				CLANG_WARN_CONSTANT_CONVERSION = YES;
				CLANG_WARN_DIRECT_OBJC_ISA_USAGE = YES_ERROR;
				CLANG_WARN_DOCUMENTATION_COMMENTS = YES;
				CLANG_WARN_EMPTY_BODY = YES;
				CLANG_WARN_ENUM_CONVERSION = YES;
				CLANG_WARN_INFINITE_RECURSION = YES;
				CLANG_WARN_INT_CONVERSION = YES;
				CLANG_WARN_NON_LITERAL_NULL_CONVERSION = YES;
				CLANG_WARN_OBJC_LITERAL_CONVERSION = YES;
				CLANG_WARN_OBJC_ROOT_CLASS = YES_ERROR;
				CLANG_WARN_RANGE_LOOP_ANALYSIS = YES;
				CLANG_WARN_STRICT_PROTOTYPES = YES;
				CLANG_WARN_SUSPICIOUS_MOVE = YES;
				CLANG_WARN_UNGUARDED_AVAILABILITY = YES_AGGRESSIVE;
				CLANG_WARN_UNREACHABLE_CODE = YES;
				CLANG_WARN__DUPLICATE_METHOD_MATCH = YES;
				CODE_SIGN_IDENTITY = "iPhone Developer";
				COPY_PHASE_STRIP = NO;
				DEBUG_INFORMATION_FORMAT = "dwarf-with-dsym";
				ENABLE_NS_ASSERTIONS = NO;
				ENABLE_STRICT_OBJC_MSGSEND = YES;
				GCC_C_LANGUAGE_STANDARD = gnu11;
				GCC_NO_COMMON_BLOCKS = YES;
				GCC_WARN_64_TO_32_BIT_CONVERSION = YES;
				GCC_WARN_ABOUT_RETURN_TYPE = YES_ERROR;
				GCC_WARN_UNDECLARED_SELECTOR = YES;
				GCC_WARN_UNINITIALIZED_AUTOS = YES_AGGRESSIVE;
				GCC_WARN_UNUSED_FUNCTION = YES;
				GCC_WARN_UNUSED_VARIABLE = YES;
				IPHONEOS_DEPLOYMENT_TARGET = 11.2;
				MTL_ENABLE_DEBUG_INFO = NO;
				SDKROOT = iphoneos;
				SWIFT_OPTIMIZATION_LEVEL = "-Owholemodule";
				VALIDATE_PRODUCT = YES;
			};
			name = Release;
		};
		23F5490D20F900FD00C174BC /* Debug */ = {
			isa = XCBuildConfiguration;
			buildSettings = {
				ASSETCATALOG_COMPILER_APPICON_NAME = AppIcon;
				CODE_SIGN_STYLE = Manual;
				DEVELOPMENT_TEAM = "";
				INFOPLIST_FILE = Algorithm/Info.plist;
				LD_RUNPATH_SEARCH_PATHS = "$(inherited) @executable_path/Frameworks";
				PRODUCT_BUNDLE_IDENTIFIER = fjkdfner.Algorithm;
				PRODUCT_NAME = "$(TARGET_NAME)";
				PROVISIONING_PROFILE_SPECIFIER = "";
				SWIFT_VERSION = 4.0;
				TARGETED_DEVICE_FAMILY = "1,2";
			};
			name = Debug;
		};
		23F5490E20F900FD00C174BC /* Release */ = {
			isa = XCBuildConfiguration;
			buildSettings = {
				ASSETCATALOG_COMPILER_APPICON_NAME = AppIcon;
				CODE_SIGN_STYLE = Manual;
				DEVELOPMENT_TEAM = "";
				INFOPLIST_FILE = Algorithm/Info.plist;
				LD_RUNPATH_SEARCH_PATHS = "$(inherited) @executable_path/Frameworks";
				PRODUCT_BUNDLE_IDENTIFIER = fjkdfner.Algorithm;
				PRODUCT_NAME = "$(TARGET_NAME)";
				PROVISIONING_PROFILE_SPECIFIER = "";
				SWIFT_VERSION = 4.0;
				TARGETED_DEVICE_FAMILY = "1,2";
			};
			name = Release;
		};
		23F5491020F900FD00C174BC /* Debug */ = {
			isa = XCBuildConfiguration;
			buildSettings = {
				ALWAYS_EMBED_SWIFT_STANDARD_LIBRARIES = YES;
				BUNDLE_LOADER = "$(TEST_HOST)";
				CLANG_ENABLE_MODULES = YES;
				CODE_SIGN_STYLE = Automatic;
				INFOPLIST_FILE = AlgorithmTests/Info.plist;
				LD_RUNPATH_SEARCH_PATHS = "$(inherited) @executable_path/Frameworks @loader_path/Frameworks";
				PRODUCT_BUNDLE_IDENTIFIER = fjkdfner.AlgorithmTests;
				PRODUCT_NAME = "$(TARGET_NAME)";
				SWIFT_OPTIMIZATION_LEVEL = "-Onone";
				SWIFT_VERSION = 4.0;
				TARGETED_DEVICE_FAMILY = "1,2";
				TEST_HOST = "$(BUILT_PRODUCTS_DIR)/Algorithm.app/Algorithm";
			};
			name = Debug;
		};
		23F5491120F900FD00C174BC /* Release */ = {
			isa = XCBuildConfiguration;
			buildSettings = {
				ALWAYS_EMBED_SWIFT_STANDARD_LIBRARIES = YES;
				BUNDLE_LOADER = "$(TEST_HOST)";
				CLANG_ENABLE_MODULES = YES;
				CODE_SIGN_STYLE = Automatic;
				INFOPLIST_FILE = AlgorithmTests/Info.plist;
				LD_RUNPATH_SEARCH_PATHS = "$(inherited) @executable_path/Frameworks @loader_path/Frameworks";
				PRODUCT_BUNDLE_IDENTIFIER = fjkdfner.AlgorithmTests;
				PRODUCT_NAME = "$(TARGET_NAME)";
				SWIFT_VERSION = 4.0;
				TARGETED_DEVICE_FAMILY = "1,2";
				TEST_HOST = "$(BUILT_PRODUCTS_DIR)/Algorithm.app/Algorithm";
			};
			name = Release;
		};
/* End XCBuildConfiguration section */

/* Begin XCConfigurationList section */
		23F548EA20F900FC00C174BC /* Build configuration list for PBXProject "Algorithm" */ = {
			isa = XCConfigurationList;
			buildConfigurations = (
				23F5490A20F900FD00C174BC /* Debug */,
				23F5490B20F900FD00C174BC /* Release */,
			);
			defaultConfigurationIsVisible = 0;
			defaultConfigurationName = Release;
		};
		23F5490C20F900FD00C174BC /* Build configuration list for PBXNativeTarget "Algorithm" */ = {
			isa = XCConfigurationList;
			buildConfigurations = (
				23F5490D20F900FD00C174BC /* Debug */,
				23F5490E20F900FD00C174BC /* Release */,
			);
			defaultConfigurationIsVisible = 0;
			defaultConfigurationName = Release;
		};
		23F5490F20F900FD00C174BC /* Build configuration list for PBXNativeTarget "AlgorithmTests" */ = {
			isa = XCConfigurationList;
			buildConfigurations = (
				23F5491020F900FD00C174BC /* Debug */,
				23F5491120F900FD00C174BC /* Release */,
			);
			defaultConfigurationIsVisible = 0;
			defaultConfigurationName = Release;
		};
/* End XCConfigurationList section */
	};
	rootObject = 23F548E720F900FC00C174BC /* Project object */;
}
